// !$*UTF8*$!
{
	archiveVersion = 1;
	classes = {
	};
	objectVersion = 46;
	objects = {

/* Begin PBXBuildFile section */
		FD27F1D41F72932800BC55EE /* AppDelegate.swift in Sources */ = {isa = PBXBuildFile; fileRef = FD27F1D31F72932800BC55EE /* AppDelegate.swift */; };
		FD27F1D91F72932800BC55EE /* Main.storyboard in Resources */ = {isa = PBXBuildFile; fileRef = FD27F1D71F72932800BC55EE /* Main.storyboard */; };
		FD27F1DC1F72932800BC55EE /* Notas.xcdatamodeld in Sources */ = {isa = PBXBuildFile; fileRef = FD27F1DA1F72932800BC55EE /* Notas.xcdatamodeld */; };
		FD27F1DE1F72932800BC55EE /* Assets.xcassets in Resources */ = {isa = PBXBuildFile; fileRef = FD27F1DD1F72932800BC55EE /* Assets.xcassets */; };
		FD27F1E11F72932800BC55EE /* LaunchScreen.storyboard in Resources */ = {isa = PBXBuildFile; fileRef = FD27F1DF1F72932800BC55EE /* LaunchScreen.storyboard */; };
		FD27F1EE1F72957A00BC55EE /* NotesVC.swift in Sources */ = {isa = PBXBuildFile; fileRef = FD27F1ED1F72957A00BC55EE /* NotesVC.swift */; };
		FD27F1F01F72958C00BC55EE /* AgendaVC.swift in Sources */ = {isa = PBXBuildFile; fileRef = FD27F1EF1F72958C00BC55EE /* AgendaVC.swift */; };
		FD27F1F21F72978E00BC55EE /* Note.swift in Sources */ = {isa = PBXBuildFile; fileRef = FD27F1F11F72978E00BC55EE /* Note.swift */; };
		FD27F1F41F72A8CB00BC55EE /* AddNoteView.swift in Sources */ = {isa = PBXBuildFile; fileRef = FD27F1F31F72A8CB00BC55EE /* AddNoteView.swift */; };
		FD27F1F61F72A8DB00BC55EE /* AddNoteView.xib in Resources */ = {isa = PBXBuildFile; fileRef = FD27F1F51F72A8DB00BC55EE /* AddNoteView.xib */; };
/* End PBXBuildFile section */

/* Begin PBXFileReference section */
		FD27F1D01F72932800BC55EE /* Notas.app */ = {isa = PBXFileReference; explicitFileType = wrapper.application; includeInIndex = 0; path = Notas.app; sourceTree = BUILT_PRODUCTS_DIR; };
		FD27F1D31F72932800BC55EE /* AppDelegate.swift */ = {isa = PBXFileReference; lastKnownFileType = sourcecode.swift; path = AppDelegate.swift; sourceTree = "<group>"; };
		FD27F1D81F72932800BC55EE /* Base */ = {isa = PBXFileReference; lastKnownFileType = file.storyboard; name = Base; path = Base.lproj/Main.storyboard; sourceTree = "<group>"; };
		FD27F1DB1F72932800BC55EE /* Notas.xcdatamodel */ = {isa = PBXFileReference; lastKnownFileType = wrapper.xcdatamodel; path = Notas.xcdatamodel; sourceTree = "<group>"; };
		FD27F1DD1F72932800BC55EE /* Assets.xcassets */ = {isa = PBXFileReference; lastKnownFileType = folder.assetcatalog; path = Assets.xcassets; sourceTree = "<group>"; };
		FD27F1E01F72932800BC55EE /* Base */ = {isa = PBXFileReference; lastKnownFileType = file.storyboard; name = Base; path = Base.lproj/LaunchScreen.storyboard; sourceTree = "<group>"; };
		FD27F1E21F72932800BC55EE /* Info.plist */ = {isa = PBXFileReference; lastKnownFileType = text.plist.xml; path = Info.plist; sourceTree = "<group>"; };
		FD27F1ED1F72957A00BC55EE /* NotesVC.swift */ = {isa = PBXFileReference; fileEncoding = 4; lastKnownFileType = sourcecode.swift; path = NotesVC.swift; sourceTree = "<group>"; };
		FD27F1EF1F72958C00BC55EE /* AgendaVC.swift */ = {isa = PBXFileReference; fileEncoding = 4; lastKnownFileType = sourcecode.swift; path = AgendaVC.swift; sourceTree = "<group>"; };
		FD27F1F11F72978E00BC55EE /* Note.swift */ = {isa = PBXFileReference; fileEncoding = 4; lastKnownFileType = sourcecode.swift; path = Note.swift; sourceTree = "<group>"; };
		FD27F1F31F72A8CB00BC55EE /* AddNoteView.swift */ = {isa = PBXFileReference; fileEncoding = 4; lastKnownFileType = sourcecode.swift; path = AddNoteView.swift; sourceTree = "<group>"; };
		FD27F1F51F72A8DB00BC55EE /* AddNoteView.xib */ = {isa = PBXFileReference; fileEncoding = 4; lastKnownFileType = file.xib; path = AddNoteView.xib; sourceTree = "<group>"; };
/* End PBXFileReference section */

/* Begin PBXFrameworksBuildPhase section */
		FD27F1CD1F72932800BC55EE /* Frameworks */ = {
			isa = PBXFrameworksBuildPhase;
			buildActionMask = 2147483647;
			files = (
			);
			runOnlyForDeploymentPostprocessing = 0;
		};
/* End PBXFrameworksBuildPhase section */

/* Begin PBXGroup section */
		FD27F1C71F72932800BC55EE = {
			isa = PBXGroup;
			children = (
				FD27F1D21F72932800BC55EE /* Notas */,
				FD27F1D11F72932800BC55EE /* Products */,
			);
			sourceTree = "<group>";
		};
		FD27F1D11F72932800BC55EE /* Products */ = {
			isa = PBXGroup;
			children = (
				FD27F1D01F72932800BC55EE /* Notas.app */,
			);
			name = Products;
			sourceTree = "<group>";
		};
		FD27F1D21F72932800BC55EE /* Notas */ = {
			isa = PBXGroup;
			children = (
				FD27F1EB1F72935F00BC55EE /* Resources */,
				FD27F1EC1F72937400BC55EE /* App */,
			);
			path = Notas;
			sourceTree = "<group>";
		};
		FD27F1E81F72934800BC55EE /* Model */ = {
			isa = PBXGroup;
			children = (
				FD27F1F11F72978E00BC55EE /* Note.swift */,
				FD27F1DA1F72932800BC55EE /* Notas.xcdatamodeld */,
			);
			name = Model;
			sourceTree = "<group>";
		};
		FD27F1E91F72934F00BC55EE /* View */ = {
			isa = PBXGroup;
			children = (
				FD27F1D71F72932800BC55EE /* Main.storyboard */,
				FD27F1DF1F72932800BC55EE /* LaunchScreen.storyboard */,
				FD27F1F31F72A8CB00BC55EE /* AddNoteView.swift */,
				FD27F1F51F72A8DB00BC55EE /* AddNoteView.xib */,
			);
			name = View;
			sourceTree = "<group>";
		};
		FD27F1EA1F72935400BC55EE /* Controller */ = {
			isa = PBXGroup;
			children = (
				FD27F1ED1F72957A00BC55EE /* NotesVC.swift */,
				FD27F1EF1F72958C00BC55EE /* AgendaVC.swift */,
			);
			name = Controller;
			sourceTree = "<group>";
		};
		FD27F1EB1F72935F00BC55EE /* Resources */ = {
			isa = PBXGroup;
			children = (
				FD27F1DD1F72932800BC55EE /* Assets.xcassets */,
			);
			name = Resources;
			sourceTree = "<group>";
		};
		FD27F1EC1F72937400BC55EE /* App */ = {
			isa = PBXGroup;
			children = (
				FD27F1D31F72932800BC55EE /* AppDelegate.swift */,
				FD27F1E21F72932800BC55EE /* Info.plist */,
				FD27F1EA1F72935400BC55EE /* Controller */,
				FD27F1E91F72934F00BC55EE /* View */,
				FD27F1E81F72934800BC55EE /* Model */,
			);
			name = App;
			sourceTree = "<group>";
		};
/* End PBXGroup section */

/* Begin PBXNativeTarget section */
		FD27F1CF1F72932800BC55EE /* Notas */ = {
			isa = PBXNativeTarget;
			buildConfigurationList = FD27F1E51F72932800BC55EE /* Build configuration list for PBXNativeTarget "Notas" */;
			buildPhases = (
				FD27F1CC1F72932800BC55EE /* Sources */,
				FD27F1CD1F72932800BC55EE /* Frameworks */,
				FD27F1CE1F72932800BC55EE /* Resources */,
			);
			buildRules = (
			);
			dependencies = (
			);
			name = Notas;
			productName = Notas;
			productReference = FD27F1D01F72932800BC55EE /* Notas.app */;
			productType = "com.apple.product-type.application";
		};
/* End PBXNativeTarget section */

/* Begin PBXProject section */
		FD27F1C81F72932800BC55EE /* Project object */ = {
			isa = PBXProject;
			attributes = {
				LastSwiftUpdateCheck = 0830;
				LastUpgradeCheck = 0830;
				ORGANIZATIONNAME = "Jorge Sánchez";
				TargetAttributes = {
					FD27F1CF1F72932800BC55EE = {
						CreatedOnToolsVersion = 8.3.3;
						ProvisioningStyle = Automatic;
					};
				};
			};
			buildConfigurationList = FD27F1CB1F72932800BC55EE /* Build configuration list for PBXProject "Notas" */;
			compatibilityVersion = "Xcode 3.2";
			developmentRegion = English;
			hasScannedForEncodings = 0;
			knownRegions = (
				en,
				Base,
			);
			mainGroup = FD27F1C71F72932800BC55EE;
			productRefGroup = FD27F1D11F72932800BC55EE /* Products */;
			projectDirPath = "";
			projectRoot = "";
			targets = (
				FD27F1CF1F72932800BC55EE /* Notas */,
			);
		};
/* End PBXProject section */

/* Begin PBXResourcesBuildPhase section */
		FD27F1CE1F72932800BC55EE /* Resources */ = {
			isa = PBXResourcesBuildPhase;
			buildActionMask = 2147483647;
			files = (
				FD27F1E11F72932800BC55EE /* LaunchScreen.storyboard in Resources */,
				FD27F1DE1F72932800BC55EE /* Assets.xcassets in Resources */,
				FD27F1F61F72A8DB00BC55EE /* AddNoteView.xib in Resources */,
				FD27F1D91F72932800BC55EE /* Main.storyboard in Resources */,
			);
			runOnlyForDeploymentPostprocessing = 0;
		};
/* End PBXResourcesBuildPhase section */

/* Begin PBXSourcesBuildPhase section */
		FD27F1CC1F72932800BC55EE /* Sources */ = {
			isa = PBXSourcesBuildPhase;
			buildActionMask = 2147483647;
			files = (
				FD27F1F41F72A8CB00BC55EE /* AddNoteView.swift in Sources */,
				FD27F1DC1F72932800BC55EE /* Notas.xcdatamodeld in Sources */,
				FD27F1F21F72978E00BC55EE /* Note.swift in Sources */,
				FD27F1EE1F72957A00BC55EE /* NotesVC.swift in Sources */,
				FD27F1F01F72958C00BC55EE /* AgendaVC.swift in Sources */,
				FD27F1D41F72932800BC55EE /* AppDelegate.swift in Sources */,
			);
			runOnlyForDeploymentPostprocessing = 0;
		};
/* End PBXSourcesBuildPhase section */

/* Begin PBXVariantGroup section */
		FD27F1D71F72932800BC55EE /* Main.storyboard */ = {
			isa = PBXVariantGroup;
			children = (
				FD27F1D81F72932800BC55EE /* Base */,
			);
			name = Main.storyboard;
			sourceTree = "<group>";
		};
		FD27F1DF1F72932800BC55EE /* LaunchScreen.storyboard */ = {
			isa = PBXVariantGroup;
			children = (
				FD27F1E01F72932800BC55EE /* Base */,
			);
			name = LaunchScreen.storyboard;
			sourceTree = "<group>";
		};
/* End PBXVariantGroup section */

/* Begin XCBuildConfiguration section */
		FD27F1E31F72932800BC55EE /* Debug */ = {
			isa = XCBuildConfiguration;
			buildSettings = {
				ALWAYS_SEARCH_USER_PATHS = NO;
				CLANG_ANALYZER_NONNULL = YES;
				CLANG_ANALYZER_NUMBER_OBJECT_CONVERSION = YES_AGGRESSIVE;
				CLANG_CXX_LANGUAGE_STANDARD = "gnu++0x";
				CLANG_CXX_LIBRARY = "libc++";
				CLANG_ENABLE_MODULES = YES;
				CLANG_ENABLE_OBJC_ARC = YES;
				CLANG_WARN_BOOL_CONVERSION = YES;
				CLANG_WARN_CONSTANT_CONVERSION = YES;
				CLANG_WARN_DIRECT_OBJC_ISA_USAGE = YES_ERROR;
				CLANG_WARN_DOCUMENTATION_COMMENTS = YES;
				CLANG_WARN_EMPTY_BODY = YES;
				CLANG_WARN_ENUM_CONVERSION = YES;
				CLANG_WARN_INFINITE_RECURSION = YES;
				CLANG_WARN_INT_CONVERSION = YES;
				CLANG_WARN_OBJC_ROOT_CLASS = YES_ERROR;
				CLANG_WARN_SUSPICIOUS_MOVE = YES;
				CLANG_WARN_UNREACHABLE_CODE = YES;
				CLANG_WARN__DUPLICATE_METHOD_MATCH = YES;
				"CODE_SIGN_IDENTITY[sdk=iphoneos*]" = "iPhone Developer";
				COPY_PHASE_STRIP = NO;
				DEBUG_INFORMATION_FORMAT = dwarf;
				ENABLE_STRICT_OBJC_MSGSEND = YES;
				ENABLE_TESTABILITY = YES;
				GCC_C_LANGUAGE_STANDARD = gnu99;
				GCC_DYNAMIC_NO_PIC = NO;
				GCC_NO_COMMON_BLOCKS = YES;
				GCC_OPTIMIZATION_LEVEL = 0;
				GCC_PREPROCESSOR_DEFINITIONS = (
					"DEBUG=1",
					"$(inherited)",
				);
				GCC_WARN_64_TO_32_BIT_CONVERSION = YES;
				GCC_WARN_ABOUT_RETURN_TYPE = YES_ERROR;
				GCC_WARN_UNDECLARED_SELECTOR = YES;
				GCC_WARN_UNINITIALIZED_AUTOS = YES_AGGRESSIVE;
				GCC_WARN_UNUSED_FUNCTION = YES;
				GCC_WARN_UNUSED_VARIABLE = YES;
				IPHONEOS_DEPLOYMENT_TARGET = 10.3;
				MTL_ENABLE_DEBUG_INFO = YES;
				ONLY_ACTIVE_ARCH = YES;
				SDKROOT = iphoneos;
				SWIFT_ACTIVE_COMPILATION_CONDITIONS = DEBUG;
				SWIFT_OPTIMIZATION_LEVEL = "-Onone";
			};
			name = Debug;
		};
		FD27F1E41F72932800BC55EE /* Release */ = {
			isa = XCBuildConfiguration;
			buildSettings = {
				ALWAYS_SEARCH_USER_PATHS = NO;
				CLANG_ANALYZER_NONNULL = YES;
				CLANG_ANALYZER_NUMBER_OBJECT_CONVERSION = YES_AGGRESSIVE;
				CLANG_CXX_LANGUAGE_STANDARD = "gnu++0x";
				CLANG_CXX_LIBRARY = "libc++";
				CLANG_ENABLE_MODULES = YES;
				CLANG_ENABLE_OBJC_ARC = YES;
				CLANG_WARN_BOOL_CONVERSION = YES;
				CLANG_WARN_CONSTANT_CONVERSION = YES;
				CLANG_WARN_DIRECT_OBJC_ISA_USAGE = YES_ERROR;
				CLANG_WARN_DOCUMENTATION_COMMENTS = YES;
				CLANG_WARN_EMPTY_BODY = YES;
				CLANG_WARN_ENUM_CONVERSION = YES;
				CLANG_WARN_INFINITE_RECURSION = YES;
				CLANG_WARN_INT_CONVERSION = YES;
				CLANG_WARN_OBJC_ROOT_CLASS = YES_ERROR;
				CLANG_WARN_SUSPICIOUS_MOVE = YES;
				CLANG_WARN_UNREACHABLE_CODE = YES;
				CLANG_WARN__DUPLICATE_METHOD_MATCH = YES;
				"CODE_SIGN_IDENTITY[sdk=iphoneos*]" = "iPhone Developer";
				COPY_PHASE_STRIP = NO;
				DEBUG_INFORMATION_FORMAT = "dwarf-with-dsym";
				ENABLE_NS_ASSERTIONS = NO;
				ENABLE_STRICT_OBJC_MSGSEND = YES;
				GCC_C_LANGUAGE_STANDARD = gnu99;
				GCC_NO_COMMON_BLOCKS = YES;
				GCC_WARN_64_TO_32_BIT_CONVERSION = YES;
				GCC_WARN_ABOUT_RETURN_TYPE = YES_ERROR;
				GCC_WARN_UNDECLARED_SELECTOR = YES;
				GCC_WARN_UNINITIALIZED_AUTOS = YES_AGGRESSIVE;
				GCC_WARN_UNUSED_FUNCTION = YES;
				GCC_WARN_UNUSED_VARIABLE = YES;
				IPHONEOS_DEPLOYMENT_TARGET = 10.3;
				MTL_ENABLE_DEBUG_INFO = NO;
				SDKROOT = iphoneos;
				SWIFT_OPTIMIZATION_LEVEL = "-Owholemodule";
				VALIDATE_PRODUCT = YES;
			};
			name = Release;
		};
		FD27F1E61F72932800BC55EE /* Debug */ = {
			isa = XCBuildConfiguration;
			buildSettings = {
				ASSETCATALOG_COMPILER_APPICON_NAME = AppIcon;
				DEVELOPMENT_TEAM = "";
				INFOPLIST_FILE = Notas/Info.plist;
				LD_RUNPATH_SEARCH_PATHS = "$(inherited) @executable_path/Frameworks";
				PRODUCT_BUNDLE_IDENTIFIER = com.jorgesvega.Notas;
				PRODUCT_NAME = "$(TARGET_NAME)";
				SWIFT_VERSION = 3.0;
			};
			name = Debug;
		};
		FD27F1E71F72932800BC55EE /* Release */ = {
			isa = XCBuildConfiguration;
			buildSettings = {
				ASSETCATALOG_COMPILER_APPICON_NAME = AppIcon;
				DEVELOPMENT_TEAM = "";
				INFOPLIST_FILE = Notas/Info.plist;
				LD_RUNPATH_SEARCH_PATHS = "$(inherited) @executable_path/Frameworks";
				PRODUCT_BUNDLE_IDENTIFIER = com.jorgesvega.Notas;
				PRODUCT_NAME = "$(TARGET_NAME)";
				SWIFT_VERSION = 3.0;
			};
			name = Release;
		};
/* End XCBuildConfiguration section */

/* Begin XCConfigurationList section */
		FD27F1CB1F72932800BC55EE /* Build configuration list for PBXProject "Notas" */ = {
			isa = XCConfigurationList;
			buildConfigurations = (
				FD27F1E31F72932800BC55EE /* Debug */,
				FD27F1E41F72932800BC55EE /* Release */,
			);
			defaultConfigurationIsVisible = 0;
			defaultConfigurationName = Release;
		};
		FD27F1E51F72932800BC55EE /* Build configuration list for PBXNativeTarget "Notas" */ = {
			isa = XCConfigurationList;
			buildConfigurations = (
				FD27F1E61F72932800BC55EE /* Debug */,
				FD27F1E71F72932800BC55EE /* Release */,
			);
			defaultConfigurationIsVisible = 0;
		};
/* End XCConfigurationList section */

/* Begin XCVersionGroup section */
		FD27F1DA1F72932800BC55EE /* Notas.xcdatamodeld */ = {
			isa = XCVersionGroup;
			children = (
				FD27F1DB1F72932800BC55EE /* Notas.xcdatamodel */,
			);
			currentVersion = FD27F1DB1F72932800BC55EE /* Notas.xcdatamodel */;
			path = Notas.xcdatamodeld;
			sourceTree = "<group>";
			versionGroupType = wrapper.xcdatamodel;
		};
/* End XCVersionGroup section */
	};
	rootObject = FD27F1C81F72932800BC55EE /* Project object */;
}
